// !$*UTF8*$!
{
	archiveVersion = 1;
	classes = {
	};
	objectVersion = 51;
	objects = {

/* Begin PBXBuildFile section */
		B4469C0E988CC006254FD82F /* Pods_CustomPlayer.framework in Frameworks */ = {isa = PBXBuildFile; fileRef = 7B8E7DC888BC5B672C9A0715 /* Pods_CustomPlayer.framework */; };
		CE64DF4926F1D27F00BFB130 /* AppDelegate.swift in Sources */ = {isa = PBXBuildFile; fileRef = CE64DF4826F1D27F00BFB130 /* AppDelegate.swift */; };
		CE64DF4B26F1D27F00BFB130 /* SceneDelegate.swift in Sources */ = {isa = PBXBuildFile; fileRef = CE64DF4A26F1D27F00BFB130 /* SceneDelegate.swift */; };
		CE64DF4D26F1D27F00BFB130 /* ViewController.swift in Sources */ = {isa = PBXBuildFile; fileRef = CE64DF4C26F1D27F00BFB130 /* ViewController.swift */; };
		CE64DF5026F1D27F00BFB130 /* Main.storyboard in Resources */ = {isa = PBXBuildFile; fileRef = CE64DF4E26F1D27F00BFB130 /* Main.storyboard */; };
		CE64DF5226F1D28000BFB130 /* Assets.xcassets in Resources */ = {isa = PBXBuildFile; fileRef = CE64DF5126F1D28000BFB130 /* Assets.xcassets */; };
		CE64DF5526F1D28000BFB130 /* LaunchScreen.storyboard in Resources */ = {isa = PBXBuildFile; fileRef = CE64DF5326F1D28000BFB130 /* LaunchScreen.storyboard */; };
		CE64DF6026F1D7FC00BFB130 /* AudioPlayer.swift in Sources */ = {isa = PBXBuildFile; fileRef = CE64DF5F26F1D7FC00BFB130 /* AudioPlayer.swift */; };
		CE64DF6726F1D90A00BFB130 /* Podcast.swift in Sources */ = {isa = PBXBuildFile; fileRef = CE64DF6626F1D90A00BFB130 /* Podcast.swift */; };
		CE64DF6A26F1D98900BFB130 /* CachingPlayerItem.swift in Sources */ = {isa = PBXBuildFile; fileRef = CE64DF6926F1D98900BFB130 /* CachingPlayerItem.swift */; };
		CE64DF7526F1DBE000BFB130 /* MulticastDelegate.swift in Sources */ = {isa = PBXBuildFile; fileRef = CE64DF7426F1DBE000BFB130 /* MulticastDelegate.swift */; };
		CE64DF7E26F1FC1500BFB130 /* FileRepository.swift in Sources */ = {isa = PBXBuildFile; fileRef = CE64DF7D26F1FC1500BFB130 /* FileRepository.swift */; };
		CE64DF8126F1FF2700BFB130 /* PlayerCommandCenter.swift in Sources */ = {isa = PBXBuildFile; fileRef = CE64DF8026F1FF2700BFB130 /* PlayerCommandCenter.swift */; };
		CEE5FF6126F495D1007A48D2 /* PlayerViewController.swift in Sources */ = {isa = PBXBuildFile; fileRef = CEE5FF6026F495D1007A48D2 /* PlayerViewController.swift */; };
		CEE5FF6426F49616007A48D2 /* PlaybackSlider.swift in Sources */ = {isa = PBXBuildFile; fileRef = CEE5FF6326F49616007A48D2 /* PlaybackSlider.swift */; };
		CEE5FF6826F4966B007A48D2 /* PlayerViewModel.swift in Sources */ = {isa = PBXBuildFile; fileRef = CEE5FF6726F4966B007A48D2 /* PlayerViewModel.swift */; };
		CEE5FF6C26F4969D007A48D2 /* TimeFormatted.swift in Sources */ = {isa = PBXBuildFile; fileRef = CEE5FF6B26F4969D007A48D2 /* TimeFormatted.swift */; };
		CEE5FF6F26F496D3007A48D2 /* ReactionType.swift in Sources */ = {isa = PBXBuildFile; fileRef = CEE5FF6E26F496D3007A48D2 /* ReactionType.swift */; };
		CEE5FFBB26F4A880007A48D2 /* UIImageView.swift in Sources */ = {isa = PBXBuildFile; fileRef = CEE5FFBA26F4A880007A48D2 /* UIImageView.swift */; };
		CEE5FFCC26F4AA84007A48D2 /* ImageConstants.swift in Sources */ = {isa = PBXBuildFile; fileRef = CEE5FFCB26F4AA84007A48D2 /* ImageConstants.swift */; };
		CEE5FFD026F4AAD0007A48D2 /* Data.swift in Sources */ = {isa = PBXBuildFile; fileRef = CEE5FFCF26F4AAD0007A48D2 /* Data.swift */; };
		CEE5FFD326F4ADA4007A48D2 /* TimerViewController.swift in Sources */ = {isa = PBXBuildFile; fileRef = CEE5FFD226F4ADA4007A48D2 /* TimerViewController.swift */; };
		CEE5FFDB26F4B2D3007A48D2 /* Scheduler.swift in Sources */ = {isa = PBXBuildFile; fileRef = CEE5FFDA26F4B2D3007A48D2 /* Scheduler.swift */; };
		CEE5FFDF26F4B487007A48D2 /* SlideUpTimerMenuCell.swift in Sources */ = {isa = PBXBuildFile; fileRef = CEE5FFDE26F4B487007A48D2 /* SlideUpTimerMenuCell.swift */; };
		CEE5FFE226F4B4A9007A48D2 /* SlideUpTimerOptions.swift in Sources */ = {isa = PBXBuildFile; fileRef = CEE5FFE126F4B4A9007A48D2 /* SlideUpTimerOptions.swift */; };
/* End PBXBuildFile section */

/* Begin PBXFileReference section */
		1619BF6478EDAB7A93DAE930 /* Pods-CustomPlayer.release.xcconfig */ = {isa = PBXFileReference; includeInIndex = 1; lastKnownFileType = text.xcconfig; name = "Pods-CustomPlayer.release.xcconfig"; path = "Target Support Files/Pods-CustomPlayer/Pods-CustomPlayer.release.xcconfig"; sourceTree = "<group>"; };
		3049E59A71FF0A33C9DD23BB /* Pods-CustomPlayer.debug.xcconfig */ = {isa = PBXFileReference; includeInIndex = 1; lastKnownFileType = text.xcconfig; name = "Pods-CustomPlayer.debug.xcconfig"; path = "Target Support Files/Pods-CustomPlayer/Pods-CustomPlayer.debug.xcconfig"; sourceTree = "<group>"; };
		7B8E7DC888BC5B672C9A0715 /* Pods_CustomPlayer.framework */ = {isa = PBXFileReference; explicitFileType = wrapper.framework; includeInIndex = 0; path = Pods_CustomPlayer.framework; sourceTree = BUILT_PRODUCTS_DIR; };
		CE64DF4526F1D27F00BFB130 /* CustomPlayer.app */ = {isa = PBXFileReference; explicitFileType = wrapper.application; includeInIndex = 0; path = CustomPlayer.app; sourceTree = BUILT_PRODUCTS_DIR; };
		CE64DF4826F1D27F00BFB130 /* AppDelegate.swift */ = {isa = PBXFileReference; lastKnownFileType = sourcecode.swift; path = AppDelegate.swift; sourceTree = "<group>"; };
		CE64DF4A26F1D27F00BFB130 /* SceneDelegate.swift */ = {isa = PBXFileReference; lastKnownFileType = sourcecode.swift; path = SceneDelegate.swift; sourceTree = "<group>"; };
		CE64DF4C26F1D27F00BFB130 /* ViewController.swift */ = {isa = PBXFileReference; lastKnownFileType = sourcecode.swift; path = ViewController.swift; sourceTree = "<group>"; };
		CE64DF4F26F1D27F00BFB130 /* Base */ = {isa = PBXFileReference; lastKnownFileType = file.storyboard; name = Base; path = Base.lproj/Main.storyboard; sourceTree = "<group>"; };
		CE64DF5126F1D28000BFB130 /* Assets.xcassets */ = {isa = PBXFileReference; lastKnownFileType = folder.assetcatalog; path = Assets.xcassets; sourceTree = "<group>"; };
		CE64DF5426F1D28000BFB130 /* Base */ = {isa = PBXFileReference; lastKnownFileType = file.storyboard; name = Base; path = Base.lproj/LaunchScreen.storyboard; sourceTree = "<group>"; };
		CE64DF5626F1D28000BFB130 /* Info.plist */ = {isa = PBXFileReference; lastKnownFileType = text.plist.xml; path = Info.plist; sourceTree = "<group>"; };
		CE64DF5F26F1D7FC00BFB130 /* AudioPlayer.swift */ = {isa = PBXFileReference; lastKnownFileType = sourcecode.swift; path = AudioPlayer.swift; sourceTree = "<group>"; };
		CE64DF6626F1D90A00BFB130 /* Podcast.swift */ = {isa = PBXFileReference; lastKnownFileType = sourcecode.swift; path = Podcast.swift; sourceTree = "<group>"; };
		CE64DF6926F1D98900BFB130 /* CachingPlayerItem.swift */ = {isa = PBXFileReference; lastKnownFileType = sourcecode.swift; path = CachingPlayerItem.swift; sourceTree = "<group>"; };
		CE64DF7426F1DBE000BFB130 /* MulticastDelegate.swift */ = {isa = PBXFileReference; lastKnownFileType = sourcecode.swift; path = MulticastDelegate.swift; sourceTree = "<group>"; };
		CE64DF7D26F1FC1500BFB130 /* FileRepository.swift */ = {isa = PBXFileReference; lastKnownFileType = sourcecode.swift; path = FileRepository.swift; sourceTree = "<group>"; };
		CE64DF8026F1FF2700BFB130 /* PlayerCommandCenter.swift */ = {isa = PBXFileReference; lastKnownFileType = sourcecode.swift; path = PlayerCommandCenter.swift; sourceTree = "<group>"; };
		CEE5FF6026F495D1007A48D2 /* PlayerViewController.swift */ = {isa = PBXFileReference; lastKnownFileType = sourcecode.swift; path = PlayerViewController.swift; sourceTree = "<group>"; };
		CEE5FF6326F49616007A48D2 /* PlaybackSlider.swift */ = {isa = PBXFileReference; lastKnownFileType = sourcecode.swift; path = PlaybackSlider.swift; sourceTree = "<group>"; };
		CEE5FF6726F4966B007A48D2 /* PlayerViewModel.swift */ = {isa = PBXFileReference; lastKnownFileType = sourcecode.swift; path = PlayerViewModel.swift; sourceTree = "<group>"; };
		CEE5FF6B26F4969D007A48D2 /* TimeFormatted.swift */ = {isa = PBXFileReference; lastKnownFileType = sourcecode.swift; path = TimeFormatted.swift; sourceTree = "<group>"; };
		CEE5FF6E26F496D3007A48D2 /* ReactionType.swift */ = {isa = PBXFileReference; lastKnownFileType = sourcecode.swift; path = ReactionType.swift; sourceTree = "<group>"; };
		CEE5FFBA26F4A880007A48D2 /* UIImageView.swift */ = {isa = PBXFileReference; lastKnownFileType = sourcecode.swift; path = UIImageView.swift; sourceTree = "<group>"; };
		CEE5FFCB26F4AA84007A48D2 /* ImageConstants.swift */ = {isa = PBXFileReference; lastKnownFileType = sourcecode.swift; path = ImageConstants.swift; sourceTree = "<group>"; };
		CEE5FFCF26F4AAD0007A48D2 /* Data.swift */ = {isa = PBXFileReference; lastKnownFileType = sourcecode.swift; path = Data.swift; sourceTree = "<group>"; };
		CEE5FFD226F4ADA4007A48D2 /* TimerViewController.swift */ = {isa = PBXFileReference; fileEncoding = 4; lastKnownFileType = sourcecode.swift; path = TimerViewController.swift; sourceTree = "<group>"; };
		CEE5FFDA26F4B2D3007A48D2 /* Scheduler.swift */ = {isa = PBXFileReference; fileEncoding = 4; lastKnownFileType = sourcecode.swift; path = Scheduler.swift; sourceTree = "<group>"; };
		CEE5FFDE26F4B487007A48D2 /* SlideUpTimerMenuCell.swift */ = {isa = PBXFileReference; fileEncoding = 4; lastKnownFileType = sourcecode.swift; path = SlideUpTimerMenuCell.swift; sourceTree = "<group>"; };
		CEE5FFE126F4B4A9007A48D2 /* SlideUpTimerOptions.swift */ = {isa = PBXFileReference; lastKnownFileType = sourcecode.swift; path = SlideUpTimerOptions.swift; sourceTree = "<group>"; };
/* End PBXFileReference section */

/* Begin PBXFrameworksBuildPhase section */
		CE64DF4226F1D27F00BFB130 /* Frameworks */ = {
			isa = PBXFrameworksBuildPhase;
			buildActionMask = 2147483647;
			files = (
				B4469C0E988CC006254FD82F /* Pods_CustomPlayer.framework in Frameworks */,
			);
			runOnlyForDeploymentPostprocessing = 0;
		};
/* End PBXFrameworksBuildPhase section */

/* Begin PBXGroup section */
		474A42A4D664EFADC2FFA8A2 /* Pods */ = {
			isa = PBXGroup;
			children = (
				3049E59A71FF0A33C9DD23BB /* Pods-CustomPlayer.debug.xcconfig */,
				1619BF6478EDAB7A93DAE930 /* Pods-CustomPlayer.release.xcconfig */,
			);
			path = Pods;
			sourceTree = "<group>";
		};
		CE64DF3C26F1D27F00BFB130 = {
			isa = PBXGroup;
			children = (
				CE64DF4726F1D27F00BFB130 /* CustomPlayer */,
				CE64DF4626F1D27F00BFB130 /* Products */,
				474A42A4D664EFADC2FFA8A2 /* Pods */,
				E28E556AC7925E6CC10A3BA8 /* Frameworks */,
			);
			sourceTree = "<group>";
		};
		CE64DF4626F1D27F00BFB130 /* Products */ = {
			isa = PBXGroup;
			children = (
				CE64DF4526F1D27F00BFB130 /* CustomPlayer.app */,
			);
			name = Products;
			sourceTree = "<group>";
		};
		CE64DF4726F1D27F00BFB130 /* CustomPlayer */ = {
			isa = PBXGroup;
			children = (
				CE64DF5626F1D28000BFB130 /* Info.plist */,
				CE64DF4826F1D27F00BFB130 /* AppDelegate.swift */,
				CE64DF4A26F1D27F00BFB130 /* SceneDelegate.swift */,
				CE64DF5126F1D28000BFB130 /* Assets.xcassets */,
				CE64DF5E26F1D7BC00BFB130 /* AudioPlayer */,
				CE64DF7326F1DBC100BFB130 /* CustomClasses */,
				CEE5FFB926F4A870007A48D2 /* Extensions */,
				CEE5FFCA26F4AA6F007A48D2 /* ImageConstants */,
				CE64DF6526F1D8F400BFB130 /* Models */,
				CE64DF7826F1DF6600BFB130 /* Services */,
				CEE5FFE526F4B59F007A48D2 /* Storyboards */,
				CE64DF6426F1D82300BFB130 /* ViewControllers */,
				CEE5FF6626F49658007A48D2 /* ViewModels */,
			);
			path = CustomPlayer;
			sourceTree = "<group>";
		};
		CE64DF5E26F1D7BC00BFB130 /* AudioPlayer */ = {
			isa = PBXGroup;
			children = (
				CE64DF5F26F1D7FC00BFB130 /* AudioPlayer.swift */,
				CE64DF8026F1FF2700BFB130 /* PlayerCommandCenter.swift */,
				CE64DF6926F1D98900BFB130 /* CachingPlayerItem.swift */,
			);
			path = AudioPlayer;
			sourceTree = "<group>";
		};
		CE64DF6426F1D82300BFB130 /* ViewControllers */ = {
			isa = PBXGroup;
			children = (
				CEE5FF6026F495D1007A48D2 /* PlayerViewController.swift */,
				CEE5FFD226F4ADA4007A48D2 /* TimerViewController.swift */,
				CE64DF4C26F1D27F00BFB130 /* ViewController.swift */,
				CEE5FFDD26F4B487007A48D2 /* SlideUpTimerMenuCell */,
			);
			path = ViewControllers;
			sourceTree = "<group>";
		};
		CE64DF6526F1D8F400BFB130 /* Models */ = {
			isa = PBXGroup;
			children = (
				CE64DF6626F1D90A00BFB130 /* Podcast.swift */,
				CEE5FF6E26F496D3007A48D2 /* ReactionType.swift */,
				CEE5FFE126F4B4A9007A48D2 /* SlideUpTimerOptions.swift */,
			);
			path = Models;
			sourceTree = "<group>";
		};
		CE64DF7326F1DBC100BFB130 /* CustomClasses */ = {
			isa = PBXGroup;
			children = (
				CE64DF7426F1DBE000BFB130 /* MulticastDelegate.swift */,
				CEE5FF6326F49616007A48D2 /* PlaybackSlider.swift */,
				CEE5FFDA26F4B2D3007A48D2 /* Scheduler.swift */,
				CEE5FF6B26F4969D007A48D2 /* TimeFormatted.swift */,
			);
			path = CustomClasses;
			sourceTree = "<group>";
		};
		CE64DF7826F1DF6600BFB130 /* Services */ = {
			isa = PBXGroup;
			children = (
				CE64DF7D26F1FC1500BFB130 /* FileRepository.swift */,
			);
			path = Services;
			sourceTree = "<group>";
		};
		CEE5FF6626F49658007A48D2 /* ViewModels */ = {
			isa = PBXGroup;
			children = (
				CEE5FF6726F4966B007A48D2 /* PlayerViewModel.swift */,
			);
			path = ViewModels;
			sourceTree = "<group>";
		};
		CEE5FFB926F4A870007A48D2 /* Extensions */ = {
			isa = PBXGroup;
			children = (
				CEE5FFCF26F4AAD0007A48D2 /* Data.swift */,
				CEE5FFBA26F4A880007A48D2 /* UIImageView.swift */,
			);
			path = Extensions;
			sourceTree = "<group>";
		};
		CEE5FFCA26F4AA6F007A48D2 /* ImageConstants */ = {
			isa = PBXGroup;
			children = (
				CEE5FFCB26F4AA84007A48D2 /* ImageConstants.swift */,
			);
			path = ImageConstants;
			sourceTree = "<group>";
		};
		CEE5FFDD26F4B487007A48D2 /* SlideUpTimerMenuCell */ = {
			isa = PBXGroup;
			children = (
				CEE5FFDE26F4B487007A48D2 /* SlideUpTimerMenuCell.swift */,
			);
			path = SlideUpTimerMenuCell;
			sourceTree = "<group>";
		};
		CEE5FFE526F4B59F007A48D2 /* Storyboards */ = {
			isa = PBXGroup;
			children = (
				CE64DF5326F1D28000BFB130 /* LaunchScreen.storyboard */,
				CE64DF4E26F1D27F00BFB130 /* Main.storyboard */,
			);
			path = Storyboards;
			sourceTree = "<group>";
		};
		E28E556AC7925E6CC10A3BA8 /* Frameworks */ = {
			isa = PBXGroup;
			children = (
				7B8E7DC888BC5B672C9A0715 /* Pods_CustomPlayer.framework */,
			);
			name = Frameworks;
			sourceTree = "<group>";
		};
/* End PBXGroup section */

/* Begin PBXNativeTarget section */
		CE64DF4426F1D27F00BFB130 /* CustomPlayer */ = {
			isa = PBXNativeTarget;
			buildConfigurationList = CE64DF5926F1D28000BFB130 /* Build configuration list for PBXNativeTarget "CustomPlayer" */;
			buildPhases = (
				8668B53EBEE45A36B4A5ED0D /* [CP] Check Pods Manifest.lock */,
				CE64DF4126F1D27F00BFB130 /* Sources */,
				CE64DF4226F1D27F00BFB130 /* Frameworks */,
				CE64DF4326F1D27F00BFB130 /* Resources */,
				C26A326549E128F0A1BDE642 /* [CP] Embed Pods Frameworks */,
			);
			buildRules = (
			);
			dependencies = (
			);
			name = CustomPlayer;
			productName = CustomPlayer;
			productReference = CE64DF4526F1D27F00BFB130 /* CustomPlayer.app */;
			productType = "com.apple.product-type.application";
		};
/* End PBXNativeTarget section */

/* Begin PBXProject section */
		CE64DF3D26F1D27F00BFB130 /* Project object */ = {
			isa = PBXProject;
			attributes = {
				LastSwiftUpdateCheck = 1240;
				LastUpgradeCheck = 1240;
				TargetAttributes = {
					CE64DF4426F1D27F00BFB130 = {
						CreatedOnToolsVersion = 12.4;
					};
				};
			};
			buildConfigurationList = CE64DF4026F1D27F00BFB130 /* Build configuration list for PBXProject "CustomPlayer" */;
			compatibilityVersion = "Xcode 9.3";
			developmentRegion = en;
			hasScannedForEncodings = 0;
			knownRegions = (
				en,
				Base,
			);
			mainGroup = CE64DF3C26F1D27F00BFB130;
			productRefGroup = CE64DF4626F1D27F00BFB130 /* Products */;
			projectDirPath = "";
			projectRoot = "";
			targets = (
				CE64DF4426F1D27F00BFB130 /* CustomPlayer */,
			);
		};
/* End PBXProject section */

/* Begin PBXResourcesBuildPhase section */
		CE64DF4326F1D27F00BFB130 /* Resources */ = {
			isa = PBXResourcesBuildPhase;
			buildActionMask = 2147483647;
			files = (
				CE64DF5526F1D28000BFB130 /* LaunchScreen.storyboard in Resources */,
				CE64DF5226F1D28000BFB130 /* Assets.xcassets in Resources */,
				CE64DF5026F1D27F00BFB130 /* Main.storyboard in Resources */,
			);
			runOnlyForDeploymentPostprocessing = 0;
		};
/* End PBXResourcesBuildPhase section */

/* Begin PBXShellScriptBuildPhase section */
		8668B53EBEE45A36B4A5ED0D /* [CP] Check Pods Manifest.lock */ = {
			isa = PBXShellScriptBuildPhase;
			buildActionMask = 2147483647;
			files = (
			);
			inputFileListPaths = (
			);
			inputPaths = (
				"${PODS_PODFILE_DIR_PATH}/Podfile.lock",
				"${PODS_ROOT}/Manifest.lock",
			);
			name = "[CP] Check Pods Manifest.lock";
			outputFileListPaths = (
			);
			outputPaths = (
				"$(DERIVED_FILE_DIR)/Pods-CustomPlayer-checkManifestLockResult.txt",
			);
			runOnlyForDeploymentPostprocessing = 0;
			shellPath = /bin/sh;
			shellScript = "diff \"${PODS_PODFILE_DIR_PATH}/Podfile.lock\" \"${PODS_ROOT}/Manifest.lock\" > /dev/null\nif [ $? != 0 ] ; then\n    # print error to STDERR\n    echo \"error: The sandbox is not in sync with the Podfile.lock. Run 'pod install' or update your CocoaPods installation.\" >&2\n    exit 1\nfi\n# This output is used by Xcode 'outputs' to avoid re-running this script phase.\necho \"SUCCESS\" > \"${SCRIPT_OUTPUT_FILE_0}\"\n";
			showEnvVarsInLog = 0;
		};
		C26A326549E128F0A1BDE642 /* [CP] Embed Pods Frameworks */ = {
			isa = PBXShellScriptBuildPhase;
			buildActionMask = 2147483647;
			files = (
			);
			inputFileListPaths = (
				"${PODS_ROOT}/Target Support Files/Pods-CustomPlayer/Pods-CustomPlayer-frameworks-${CONFIGURATION}-input-files.xcfilelist",
			);
			name = "[CP] Embed Pods Frameworks";
			outputFileListPaths = (
				"${PODS_ROOT}/Target Support Files/Pods-CustomPlayer/Pods-CustomPlayer-frameworks-${CONFIGURATION}-output-files.xcfilelist",
			);
			runOnlyForDeploymentPostprocessing = 0;
			shellPath = /bin/sh;
			shellScript = "\"${PODS_ROOT}/Target Support Files/Pods-CustomPlayer/Pods-CustomPlayer-frameworks.sh\"\n";
			showEnvVarsInLog = 0;
		};
/* End PBXShellScriptBuildPhase section */

/* Begin PBXSourcesBuildPhase section */
		CE64DF4126F1D27F00BFB130 /* Sources */ = {
			isa = PBXSourcesBuildPhase;
			buildActionMask = 2147483647;
			files = (
				CE64DF4D26F1D27F00BFB130 /* ViewController.swift in Sources */,
				CE64DF6A26F1D98900BFB130 /* CachingPlayerItem.swift in Sources */,
				CE64DF4926F1D27F00BFB130 /* AppDelegate.swift in Sources */,
				CEE5FFCC26F4AA84007A48D2 /* ImageConstants.swift in Sources */,
				CEE5FF6426F49616007A48D2 /* PlaybackSlider.swift in Sources */,
				CEE5FF6F26F496D3007A48D2 /* ReactionType.swift in Sources */,
				CEE5FFE226F4B4A9007A48D2 /* SlideUpTimerOptions.swift in Sources */,
				CEE5FFDB26F4B2D3007A48D2 /* Scheduler.swift in Sources */,
				CEE5FFBB26F4A880007A48D2 /* UIImageView.swift in Sources */,
				CE64DF7526F1DBE000BFB130 /* MulticastDelegate.swift in Sources */,
				CEE5FFD326F4ADA4007A48D2 /* TimerViewController.swift in Sources */,
				CEE5FF6826F4966B007A48D2 /* PlayerViewModel.swift in Sources */,
				CEE5FFDF26F4B487007A48D2 /* SlideUpTimerMenuCell.swift in Sources */,
				CEE5FF6126F495D1007A48D2 /* PlayerViewController.swift in Sources */,
				CEE5FFD026F4AAD0007A48D2 /* Data.swift in Sources */,
				CE64DF4B26F1D27F00BFB130 /* SceneDelegate.swift in Sources */,
				CE64DF6026F1D7FC00BFB130 /* AudioPlayer.swift in Sources */,
				CE64DF6726F1D90A00BFB130 /* Podcast.swift in Sources */,
				CE64DF7E26F1FC1500BFB130 /* FileRepository.swift in Sources */,
				CEE5FF6C26F4969D007A48D2 /* TimeFormatted.swift in Sources */,
				CE64DF8126F1FF2700BFB130 /* PlayerCommandCenter.swift in Sources */,
			);
			runOnlyForDeploymentPostprocessing = 0;
		};
/* End PBXSourcesBuildPhase section */

/* Begin PBXVariantGroup section */
		CE64DF4E26F1D27F00BFB130 /* Main.storyboard */ = {
			isa = PBXVariantGroup;
			children = (
				CE64DF4F26F1D27F00BFB130 /* Base */,
			);
			name = Main.storyboard;
			sourceTree = "<group>";
		};
		CE64DF5326F1D28000BFB130 /* LaunchScreen.storyboard */ = {
			isa = PBXVariantGroup;
			children = (
				CE64DF5426F1D28000BFB130 /* Base */,
			);
			name = LaunchScreen.storyboard;
			sourceTree = "<group>";
		};
/* End PBXVariantGroup section */

/* Begin XCBuildConfiguration section */
		CE64DF5726F1D28000BFB130 /* Debug */ = {
			isa = XCBuildConfiguration;
			buildSettings = {
				ALWAYS_SEARCH_USER_PATHS = NO;
				CLANG_ANALYZER_NONNULL = YES;
				CLANG_ANALYZER_NUMBER_OBJECT_CONVERSION = YES_AGGRESSIVE;
				CLANG_CXX_LANGUAGE_STANDARD = "gnu++14";
				CLANG_CXX_LIBRARY = "libc++";
				CLANG_ENABLE_MODULES = YES;
				CLANG_ENABLE_OBJC_ARC = YES;
				CLANG_ENABLE_OBJC_WEAK = YES;
				CLANG_WARN_BLOCK_CAPTURE_AUTORELEASING = YES;
				CLANG_WARN_BOOL_CONVERSION = YES;
				CLANG_WARN_COMMA = YES;
				CLANG_WARN_CONSTANT_CONVERSION = YES;
				CLANG_WARN_DEPRECATED_OBJC_IMPLEMENTATIONS = YES;
				CLANG_WARN_DIRECT_OBJC_ISA_USAGE = YES_ERROR;
				CLANG_WARN_DOCUMENTATION_COMMENTS = YES;
				CLANG_WARN_EMPTY_BODY = YES;
				CLANG_WARN_ENUM_CONVERSION = YES;
				CLANG_WARN_INFINITE_RECURSION = YES;
				CLANG_WARN_INT_CONVERSION = YES;
				CLANG_WARN_NON_LITERAL_NULL_CONVERSION = YES;
				CLANG_WARN_OBJC_IMPLICIT_RETAIN_SELF = YES;
				CLANG_WARN_OBJC_LITERAL_CONVERSION = YES;
				CLANG_WARN_OBJC_ROOT_CLASS = YES_ERROR;
				CLANG_WARN_QUOTED_INCLUDE_IN_FRAMEWORK_HEADER = YES;
				CLANG_WARN_RANGE_LOOP_ANALYSIS = YES;
				CLANG_WARN_STRICT_PROTOTYPES = YES;
				CLANG_WARN_SUSPICIOUS_MOVE = YES;
				CLANG_WARN_UNGUARDED_AVAILABILITY = YES_AGGRESSIVE;
				CLANG_WARN_UNREACHABLE_CODE = YES;
				CLANG_WARN__DUPLICATE_METHOD_MATCH = YES;
				COPY_PHASE_STRIP = NO;
				DEBUG_INFORMATION_FORMAT = dwarf;
				ENABLE_STRICT_OBJC_MSGSEND = YES;
				ENABLE_TESTABILITY = YES;
				GCC_C_LANGUAGE_STANDARD = gnu11;
				GCC_DYNAMIC_NO_PIC = NO;
				GCC_NO_COMMON_BLOCKS = YES;
				GCC_OPTIMIZATION_LEVEL = 0;
				GCC_PREPROCESSOR_DEFINITIONS = (
					"DEBUG=1",
					"$(inherited)",
				);
				GCC_WARN_64_TO_32_BIT_CONVERSION = YES;
				GCC_WARN_ABOUT_RETURN_TYPE = YES_ERROR;
				GCC_WARN_UNDECLARED_SELECTOR = YES;
				GCC_WARN_UNINITIALIZED_AUTOS = YES_AGGRESSIVE;
				GCC_WARN_UNUSED_FUNCTION = YES;
				GCC_WARN_UNUSED_VARIABLE = YES;
				IPHONEOS_DEPLOYMENT_TARGET = 14.4;
				MTL_ENABLE_DEBUG_INFO = INCLUDE_SOURCE;
				MTL_FAST_MATH = YES;
				ONLY_ACTIVE_ARCH = YES;
				SDKROOT = iphoneos;
				SWIFT_ACTIVE_COMPILATION_CONDITIONS = DEBUG;
				SWIFT_OPTIMIZATION_LEVEL = "-Onone";
			};
			name = Debug;
		};
		CE64DF5826F1D28000BFB130 /* Release */ = {
			isa = XCBuildConfiguration;
			buildSettings = {
				ALWAYS_SEARCH_USER_PATHS = NO;
				CLANG_ANALYZER_NONNULL = YES;
				CLANG_ANALYZER_NUMBER_OBJECT_CONVERSION = YES_AGGRESSIVE;
				CLANG_CXX_LANGUAGE_STANDARD = "gnu++14";
				CLANG_CXX_LIBRARY = "libc++";
				CLANG_ENABLE_MODULES = YES;
				CLANG_ENABLE_OBJC_ARC = YES;
				CLANG_ENABLE_OBJC_WEAK = YES;
				CLANG_WARN_BLOCK_CAPTURE_AUTORELEASING = YES;
				CLANG_WARN_BOOL_CONVERSION = YES;
				CLANG_WARN_COMMA = YES;
				CLANG_WARN_CONSTANT_CONVERSION = YES;
				CLANG_WARN_DEPRECATED_OBJC_IMPLEMENTATIONS = YES;
				CLANG_WARN_DIRECT_OBJC_ISA_USAGE = YES_ERROR;
				CLANG_WARN_DOCUMENTATION_COMMENTS = YES;
				CLANG_WARN_EMPTY_BODY = YES;
				CLANG_WARN_ENUM_CONVERSION = YES;
				CLANG_WARN_INFINITE_RECURSION = YES;
				CLANG_WARN_INT_CONVERSION = YES;
				CLANG_WARN_NON_LITERAL_NULL_CONVERSION = YES;
				CLANG_WARN_OBJC_IMPLICIT_RETAIN_SELF = YES;
				CLANG_WARN_OBJC_LITERAL_CONVERSION = YES;
				CLANG_WARN_OBJC_ROOT_CLASS = YES_ERROR;
				CLANG_WARN_QUOTED_INCLUDE_IN_FRAMEWORK_HEADER = YES;
				CLANG_WARN_RANGE_LOOP_ANALYSIS = YES;
				CLANG_WARN_STRICT_PROTOTYPES = YES;
				CLANG_WARN_SUSPICIOUS_MOVE = YES;
				CLANG_WARN_UNGUARDED_AVAILABILITY = YES_AGGRESSIVE;
				CLANG_WARN_UNREACHABLE_CODE = YES;
				CLANG_WARN__DUPLICATE_METHOD_MATCH = YES;
				COPY_PHASE_STRIP = NO;
				DEBUG_INFORMATION_FORMAT = "dwarf-with-dsym";
				ENABLE_NS_ASSERTIONS = NO;
				ENABLE_STRICT_OBJC_MSGSEND = YES;
				GCC_C_LANGUAGE_STANDARD = gnu11;
				GCC_NO_COMMON_BLOCKS = YES;
				GCC_WARN_64_TO_32_BIT_CONVERSION = YES;
				GCC_WARN_ABOUT_RETURN_TYPE = YES_ERROR;
				GCC_WARN_UNDECLARED_SELECTOR = YES;
				GCC_WARN_UNINITIALIZED_AUTOS = YES_AGGRESSIVE;
				GCC_WARN_UNUSED_FUNCTION = YES;
				GCC_WARN_UNUSED_VARIABLE = YES;
				IPHONEOS_DEPLOYMENT_TARGET = 14.4;
				MTL_ENABLE_DEBUG_INFO = NO;
				MTL_FAST_MATH = YES;
				SDKROOT = iphoneos;
				SWIFT_COMPILATION_MODE = wholemodule;
				SWIFT_OPTIMIZATION_LEVEL = "-O";
				VALIDATE_PRODUCT = YES;
			};
			name = Release;
		};
		CE64DF5A26F1D28000BFB130 /* Debug */ = {
			isa = XCBuildConfiguration;
			baseConfigurationReference = 3049E59A71FF0A33C9DD23BB /* Pods-CustomPlayer.debug.xcconfig */;
			buildSettings = {
				ASSETCATALOG_COMPILER_APPICON_NAME = AppIcon;
				ASSETCATALOG_COMPILER_GLOBAL_ACCENT_COLOR_NAME = AccentColor;
				CODE_SIGN_STYLE = Automatic;
				DEVELOPMENT_TEAM = 2VJ2B7A79G;
				INFOPLIST_FILE = CustomPlayer/Info.plist;
				LD_RUNPATH_SEARCH_PATHS = (
					"$(inherited)",
					"@executable_path/Frameworks",
				);
				PRODUCT_BUNDLE_IDENTIFIER = com.customPlayer.demo.CustomPlayer;
				PRODUCT_NAME = "$(TARGET_NAME)";
				SWIFT_VERSION = 5.0;
				TARGETED_DEVICE_FAMILY = "1,2";
			};
			name = Debug;
		};
		CE64DF5B26F1D28000BFB130 /* Release */ = {
			isa = XCBuildConfiguration;
			baseConfigurationReference = 1619BF6478EDAB7A93DAE930 /* Pods-CustomPlayer.release.xcconfig */;
			buildSettings = {
				ASSETCATALOG_COMPILER_APPICON_NAME = AppIcon;
				ASSETCATALOG_COMPILER_GLOBAL_ACCENT_COLOR_NAME = AccentColor;
				CODE_SIGN_STYLE = Automatic;
				DEVELOPMENT_TEAM = 2VJ2B7A79G;
				INFOPLIST_FILE = CustomPlayer/Info.plist;
				LD_RUNPATH_SEARCH_PATHS = (
					"$(inherited)",
					"@executable_path/Frameworks",
				);
				PRODUCT_BUNDLE_IDENTIFIER = com.customPlayer.demo.CustomPlayer;
				PRODUCT_NAME = "$(TARGET_NAME)";
				SWIFT_VERSION = 5.0;
				TARGETED_DEVICE_FAMILY = "1,2";
			};
			name = Release;
		};
/* End XCBuildConfiguration section */

/* Begin XCConfigurationList section */
		CE64DF4026F1D27F00BFB130 /* Build configuration list for PBXProject "CustomPlayer" */ = {
			isa = XCConfigurationList;
			buildConfigurations = (
				CE64DF5726F1D28000BFB130 /* Debug */,
				CE64DF5826F1D28000BFB130 /* Release */,
			);
			defaultConfigurationIsVisible = 0;
			defaultConfigurationName = Release;
		};
		CE64DF5926F1D28000BFB130 /* Build configuration list for PBXNativeTarget "CustomPlayer" */ = {
			isa = XCConfigurationList;
			buildConfigurations = (
				CE64DF5A26F1D28000BFB130 /* Debug */,
				CE64DF5B26F1D28000BFB130 /* Release */,
			);
			defaultConfigurationIsVisible = 0;
			defaultConfigurationName = Release;
		};
/* End XCConfigurationList section */
	};
	rootObject = CE64DF3D26F1D27F00BFB130 /* Project object */;
}
